<?xml version="1.0" encoding="UTF-8"?>
<Scheme
   LastUpgradeVersion = "9999"
   version = "1.3">
   <BuildAction
      parallelizeBuildables = "YES"
      buildImplicitDependencies = "YES">
      <BuildActionEntries>
         <BuildActionEntry
            buildForTesting = "YES"
            buildForRunning = "YES"
            buildForProfiling = "YES"
            buildForArchiving = "YES"
            buildForAnalyzing = "YES">
            <BuildableReference
               BuildableIdentifier = "primary"
               BlueprintIdentifier = "xcodes::xcodes"
               BuildableName = "xcodes"
               BlueprintName = "xcodes"
               ReferencedContainer = "container:xcodes.xcodeproj">
            </BuildableReference>
         </BuildActionEntry>
      </BuildActionEntries>
   </BuildAction>
   <TestAction
      buildConfiguration = "Debug"
      selectedDebuggerIdentifier = "Xcode.DebuggerFoundation.Debugger.LLDB"
      selectedLauncherIdentifier = "Xcode.DebuggerFoundation.Launcher.LLDB"
      shouldUseLaunchSchemeArgsEnv = "YES">
      <Testables>
         <TestableReference
            skipped = "NO">
            <BuildableReference
               BuildableIdentifier = "primary"
               BlueprintIdentifier = "xcodes::xcodesTests"
               BuildableName = "xcodesTests.xctest"
               BlueprintName = "xcodesTests"
               ReferencedContainer = "container:xcodes.xcodeproj">
            </BuildableReference>
         </TestableReference>
         <TestableReference
            skipped = "NO">
            <BuildableReference
               BuildableIdentifier = "primary"
               BlueprintIdentifier = "xcodes::AppleAPITests"
               BuildableName = "AppleAPITests.xctest"
               BlueprintName = "AppleAPITests"
               ReferencedContainer = "container:xcodes.xcodeproj">
            </BuildableReference>
         </TestableReference>
         <TestableReference
            skipped = "NO">
            <BuildableReference
               BuildableIdentifier = "primary"
               BlueprintIdentifier = "xcodes::XcodesKitTests"
               BuildableName = "XcodesKitTests.xctest"
               BlueprintName = "XcodesKitTests"
               ReferencedContainer = "container:xcodes.xcodeproj">
            </BuildableReference>
         </TestableReference>
      </Testables>
   </TestAction>
   <LaunchAction
      buildConfiguration = "Debug"
      selectedDebuggerIdentifier = "Xcode.DebuggerFoundation.Debugger.LLDB"
      selectedLauncherIdentifier = "Xcode.DebuggerFoundation.Launcher.LLDB"
      launchStyle = "0"
      useCustomWorkingDirectory = "NO"
      ignoresPersistentStateOnLaunch = "NO"
      debugDocumentVersioning = "YES"
      debugServiceExtension = "internal"
      allowLocationSimulation = "YES">
      <BuildableProductRunnable
         runnableDebuggingMode = "0">
         <BuildableReference
            BuildableIdentifier = "primary"
            BlueprintIdentifier = "xcodes::xcodes"
            BuildableName = "xcodes"
            BlueprintName = "xcodes"
            ReferencedContainer = "container:xcodes.xcodeproj">
         </BuildableReference>
      </BuildableProductRunnable>
      <CommandLineArguments>
         <CommandLineArgument
            argument = "download 12.2 --path ~/Downloads/xcodes/12.2.xip"
            isEnabled = "NO">
         </CommandLineArgument>
         <CommandLineArgument
            argument = "update"
            isEnabled = "NO">
         </CommandLineArgument>
         <CommandLineArgument
            argument = "remove 12.1 --path ~/Downloads/xcodes/"
            isEnabled = "NO">
         </CommandLineArgument>
         <CommandLineArgument
            argument = "download --path ~/Downloads/xcodes/ --list"
            isEnabled = "NO">
         </CommandLineArgument>
         <CommandLineArgument
            argument = "download 12.2 --aria2 /Users/art-divin/Library/Developer/Xcode/DerivedData/XcodeUpdates-bwovpmavpszeolgkcjdbbdotrgpo/Build/Products/Debug/XcodeUpdatesInternal.framework/Resources/aria2c --path ~/Downloads/xcodes/12.2.xip"
            isEnabled = "NO">
         </CommandLineArgument>
      </CommandLineArguments>
   </LaunchAction>
   <ProfileAction
      buildConfiguration = "Release"
      shouldUseLaunchSchemeArgsEnv = "YES"
      savedToolIdentifier = ""
      useCustomWorkingDirectory = "NO"
      debugDocumentVersioning = "YES">
   </ProfileAction>
   <AnalyzeAction
      buildConfiguration = "Debug">
   </AnalyzeAction>
   <ArchiveAction
      buildConfiguration = "Release"
      revealArchiveInOrganizer = "YES">
   </ArchiveAction>
</Scheme>
